<?xml version="1.0" encoding="UTF-8"?>
<!DOCTYPE plist PUBLIC "-//Apple//DTD PLIST 1.0//EN" "http://www.apple.com/DTDs/PropertyList-1.0.dtd">
<plist version="1.0">
<dict>
	<key>hostname</key>
	<string>Noutbuk-Amal.local</string>
	<key>hostuuid</key>
	<string>60545EB0-5473-5222-B2B5-9A2F94C02EC2</string>
	<key>pid</key>
	<integer>1243</integer>
	<key>processname</key>
	<string>photolibraryd</string>
	<key>uid</key>
	<integer>501</integer>
</dict>
</plist>
